
Microsoft Visual Studio Solution File, Format Version 12.00
# Visual Studio Version 17
VisualStudioVersion = 17.13.35825.156
MinimumVisualStudioVersion = 10.0.40219.1
Project("{FAE04EC0-301F-11D3-BF4B-00C04F79EFBC}") = "Welcome", "Welcome\Welcome.csproj", "{84435E8E-7175-48EA-A57D-2B90701C0C61}"
EndProject
Project("{FAE04EC0-301F-11D3-BF4B-00C04F79EFBC}") = "WelcomeExtended", "WelcomeExtended\WelcomeExtended.csproj", "{83A5A1C1-C28B-4525-937F-33739470594D}"
EndProject
Global
	GlobalSection(SolutionConfigurationPlatforms) = preSolution
		Debug|Any CPU = Debug|Any CPU
		Release|Any CPU = Release|Any CPU
	EndGlobalSection
	GlobalSection(ProjectConfigurationPlatforms) = postSolution
		{84435E8E-7175-48EA-A57D-2B90701C0C61}.Debug|Any CPU.ActiveCfg = Debug|Any CPU
		{84435E8E-7175-48EA-A57D-2B90701C0C61}.Debug|Any CPU.Build.0 = Debug|Any CPU
		{84435E8E-7175-48EA-A57D-2B90701C0C61}.Release|Any CPU.ActiveCfg = Release|Any CPU
		{84435E8E-7175-48EA-A57D-2B90701C0C61}.Release|Any CPU.Build.0 = Release|Any CPU
		{83A5A1C1-C28B-4525-937F-33739470594D}.Debug|Any CPU.ActiveCfg = Debug|Any CPU
		{83A5A1C1-C28B-4525-937F-33739470594D}.Debug|Any CPU.Build.0 = Debug|Any CPU
		{83A5A1C1-C28B-4525-937F-33739470594D}.Release|Any CPU.ActiveCfg = Release|Any CPU
		{83A5A1C1-C28B-4525-937F-33739470594D}.Release|Any CPU.Build.0 = Release|Any CPU
	EndGlobalSection
	GlobalSection(SolutionProperties) = preSolution
		HideSolutionNode = FALSE
	EndGlobalSection
	GlobalSection(ExtensibilityGlobals) = postSolution
		SolutionGuid = {E710CFA5-AAA0-41D5-A36E-A2AE48C785D8}
	EndGlobalSection
EndGlobal
